
Microsoft Visual Studio Solution File, Format Version 12.00
# Visual Studio Version 17
VisualStudioVersion = 17.3.32929.385
MinimumVisualStudioVersion = 10.0.40219.1
Project("{FAE04EC0-301F-11D3-BF4B-00C04F79EFBC}") = "KPO_Vaja2", "KPO_Vaja2\KPO_Vaja2.csproj", "{31EA84CD-E963-489B-97FD-81F583A35B01}"
EndProject
Global
	GlobalSection(SolutionConfigurationPlatforms) = preSolution
		Debug|Any CPU = Debug|Any CPU
		Release|Any CPU = Release|Any CPU
	EndGlobalSection
	GlobalSection(ProjectConfigurationPlatforms) = postSolution
		{31EA84CD-E963-489B-97FD-81F583A35B01}.Debug|Any CPU.ActiveCfg = Debug|Any CPU
		{31EA84CD-E963-489B-97FD-81F583A35B01}.Debug|Any CPU.Build.0 = Debug|Any CPU
		{31EA84CD-E963-489B-97FD-81F583A35B01}.Release|Any CPU.ActiveCfg = Release|Any CPU
		{31EA84CD-E963-489B-97FD-81F583A35B01}.Release|Any CPU.Build.0 = Release|Any CPU
	EndGlobalSection
	GlobalSection(SolutionProperties) = preSolution
		HideSolutionNode = FALSE
	EndGlobalSection
	GlobalSection(ExtensibilityGlobals) = postSolution
		SolutionGuid = {20513C58-EE04-4127-BA8C-9BA93BE09DB2}
	EndGlobalSection
EndGlobal
